
Microsoft Visual Studio Solution File, Format Version 12.00
# Visual Studio 15
VisualStudioVersion = 15.0.28307.421
MinimumVisualStudioVersion = 10.0.40219.1
Project("{FAE04EC0-301F-11D3-BF4B-00C04F79EFBC}") = "PerfectSquaresConnorQ", "PerfectSquaresConnorQ\PerfectSquaresConnorQ.csproj", "{BA3C55C2-6479-4643-B646-83F6DCA4B909}"
EndProject
Global
	GlobalSection(SolutionConfigurationPlatforms) = preSolution
		Debug|Any CPU = Debug|Any CPU
		Release|Any CPU = Release|Any CPU
	EndGlobalSection
	GlobalSection(ProjectConfigurationPlatforms) = postSolution
		{BA3C55C2-6479-4643-B646-83F6DCA4B909}.Debug|Any CPU.ActiveCfg = Debug|Any CPU
		{BA3C55C2-6479-4643-B646-83F6DCA4B909}.Debug|Any CPU.Build.0 = Debug|Any CPU
		{BA3C55C2-6479-4643-B646-83F6DCA4B909}.Release|Any CPU.ActiveCfg = Release|Any CPU
		{BA3C55C2-6479-4643-B646-83F6DCA4B909}.Release|Any CPU.Build.0 = Release|Any CPU
	EndGlobalSection
	GlobalSection(SolutionProperties) = preSolution
		HideSolutionNode = FALSE
	EndGlobalSection
	GlobalSection(ExtensibilityGlobals) = postSolution
		SolutionGuid = {F2F2D96D-1C87-410E-AF2A-3C1A7A2503EB}
	EndGlobalSection
EndGlobal
